{
  "version": 4,
  "terraform_version": "1.6.5",
  "serial": 10,
  "lineage": "6a101218-b0a1-7ef9-12a2-dd3ad1ea2ed9",
  "outputs": {
    "ec2-ip": {
      "value": "34.230.52.173",
      "type": "string"
    }
  },
  "resources": [
    {
      "mode": "data",
      "type": "aws_kms_alias",
      "name": "ebs",
      "provider": "provider[\"registry.terraform.io/hashicorp/aws\"]",
      "instances": [
        {
          "schema_version": 0,
          "attributes": {
            "arn": "arn:aws:kms:us-east-1:967481805058:alias/ebs-test",
            "id": "arn:aws:kms:us-east-1:967481805058:alias/ebs-test",
            "name": "alias/ebs-test",
            "target_key_arn": "arn:aws:kms:us-east-1:967481805058:key/387460dc-7bbb-4a37-9bb1-8e3ea6dd55bd",
            "target_key_id": "387460dc-7bbb-4a37-9bb1-8e3ea6dd55bd"
          },
          "sensitive_attributes": []
        }
      ]
    },
    {
      "mode": "data",
      "type": "aws_subnet",
      "name": "example_subnet",
      "provider": "provider[\"registry.terraform.io/hashicorp/aws\"]",
      "instances": [
        {
          "schema_version": 0,
          "attributes": {
            "arn": "arn:aws:ec2:us-east-1:967481805058:subnet/subnet-02a4c94c1c9b63c4a",
            "assign_ipv6_address_on_creation": false,
            "availability_zone": "us-east-1a",
            "availability_zone_id": "use1-az6",
            "available_ip_address_count": 4091,
            "cidr_block": "172.31.32.0/20",
            "customer_owned_ipv4_pool": "",
            "default_for_az": true,
            "enable_dns64": false,
            "enable_lni_at_device_index": 0,
            "enable_resource_name_dns_a_record_on_launch": false,
            "enable_resource_name_dns_aaaa_record_on_launch": false,
            "filter": null,
            "id": "subnet-02a4c94c1c9b63c4a",
            "ipv6_cidr_block": "",
            "ipv6_cidr_block_association_id": "",
            "ipv6_native": false,
            "map_customer_owned_ip_on_launch": false,
            "map_public_ip_on_launch": true,
            "outpost_arn": "",
            "owner_id": "967481805058",
            "private_dns_hostname_type_on_launch": "ip-name",
            "state": "available",
            "tags": {},
            "timeouts": null,
            "vpc_id": "vpc-0069cdc7b80b361c5"
          },
          "sensitive_attributes": []
        }
      ]
    },
    {
      "mode": "data",
      "type": "aws_vpc",
      "name": "selected",
      "provider": "provider[\"registry.terraform.io/hashicorp/aws\"]",
      "instances": [
        {
          "schema_version": 0,
          "attributes": {
            "arn": "arn:aws:ec2:us-east-1:967481805058:vpc/vpc-0069cdc7b80b361c5",
            "cidr_block": "172.31.0.0/16",
            "cidr_block_associations": [
              {
                "association_id": "vpc-cidr-assoc-0030ff8942097a4e6",
                "cidr_block": "172.31.0.0/16",
                "state": "associated"
              }
            ],
            "default": true,
            "dhcp_options_id": "dopt-0d02216c87a2a283e",
            "enable_dns_hostnames": true,
            "enable_dns_support": true,
            "enable_network_address_usage_metrics": false,
            "filter": null,
            "id": "vpc-0069cdc7b80b361c5",
            "instance_tenancy": "default",
            "ipv6_association_id": "",
            "ipv6_cidr_block": "",
            "main_route_table_id": "rtb-0ec97ce5c3d985a81",
            "owner_id": "967481805058",
            "state": null,
            "tags": {},
            "timeouts": null
          },
          "sensitive_attributes": []
        }
      ]
    },
    {
      "mode": "managed",
      "type": "aws_key_pair",
      "name": "my_key_pair",
      "provider": "provider[\"registry.terraform.io/hashicorp/aws\"]",
      "instances": [
        {
          "schema_version": 1,
          "attributes": {
            "arn": "arn:aws:ec2:us-east-1:967481805058:key-pair/monitoring-key-pair",
            "fingerprint": "a0:29:a7:28:3a:8a:59:df:da:5d:35:07:97:1c:52:c8",
            "id": "monitoring-key-pair",
            "key_name": "monitoring-key-pair",
            "key_name_prefix": "",
            "key_pair_id": "key-0aafb5ab5e0562ee0",
            "key_type": "rsa",
            "public_key": "ssh-rsa AAAAB3NzaC1yc2EAAAADAQABAAABgQDLK/jUNTNtNpHbhVJ6GUpi7cikCoqe3u8RelHpFJi19QC9N2C5Ksf5IrL9Cl7j6DOG2Ab1K6royLyYBGVxl1hfere9twy7No+9vj77dLKG3z1BdlI4Amn3u+HutWr3cijUC+IHgZ25CcteluRY/0k9NL8WkIny1PSoj+9J5a7//hOGdDb0AnC3CriHutVm0OvJFNmh85mMCuO39dx3TLRpl6/iUV92ZeGeno/2/GHstEaUKl6HdqOICiG7xjO1KOK7hvRCjR5EaPg3tegLP0SjECrj9yjz/0XGNbWNjs89726yiF67ApkjyS9DQImLQPQBj4SmjYiWTPQBWUMaELrqyrX6EPF4nrTU7RHvvN62E72gwtnnSllxfQXZbHr8PhQRs2/IIO0ZdPyW3TkF3xZrtMTHqjsAtb1FxiRZI2MkUM+CGhOHfzNp9EcqX0QWA64eA0CQ//tn0iPKpSMw3nv0AahVB5I7BV+7+6wed6RH3WvENCcAuL67vHNQsnq+xps= root@localhost.localdomain",
            "tags": null,
            "tags_all": {}
          },
          "sensitive_attributes": [],
          "private": "eyJzY2hlbWFfdmVyc2lvbiI6IjEifQ=="
        }
      ]
    },
    {
      "mode": "managed",
      "type": "aws_security_group",
      "name": "allow_ssh",
      "provider": "provider[\"registry.terraform.io/hashicorp/aws\"]",
      "instances": [
        {
          "schema_version": 1,
          "attributes": {
            "arn": "arn:aws:ec2:us-east-1:967481805058:security-group/sg-0776e7c705904812e",
            "description": "Allow SSH access from specific IPs",
            "egress": [
              {
                "cidr_blocks": [
                  "0.0.0.0/0"
                ],
                "description": "",
                "from_port": 0,
                "ipv6_cidr_blocks": [],
                "prefix_list_ids": [],
                "protocol": "-1",
                "security_groups": [],
                "self": false,
                "to_port": 0
              }
            ],
            "id": "sg-0776e7c705904812e",
            "ingress": [
              {
                "cidr_blocks": [
                  "10.0.1.4/32",
                  "10.0.1.5/32",
                  "31.215.94.128/32"
                ],
                "description": "",
                "from_port": 22,
                "ipv6_cidr_blocks": [],
                "prefix_list_ids": [],
                "protocol": "tcp",
                "security_groups": [],
                "self": false,
                "to_port": 22
              }
            ],
            "name": "allow_ssh_security_group",
            "name_prefix": "",
            "owner_id": "967481805058",
            "revoke_rules_on_delete": false,
            "tags": null,
            "tags_all": {},
            "timeouts": null,
            "vpc_id": "vpc-0069cdc7b80b361c5"
          },
          "sensitive_attributes": [],
          "private": "eyJlMmJmYjczMC1lY2FhLTExZTYtOGY4OC0zNDM2M2JjN2M0YzAiOnsiY3JlYXRlIjo2MDAwMDAwMDAwMDAsImRlbGV0ZSI6OTAwMDAwMDAwMDAwfSwic2NoZW1hX3ZlcnNpb24iOiIxIn0=",
          "dependencies": [
            "data.aws_vpc.selected"
          ]
        }
      ]
    }
  ],
  "check_results": null
}
