{
  "version": 4,
  "terraform_version": "1.6.5",
  "serial": 4,
  "lineage": "6a101218-b0a1-7ef9-12a2-dd3ad1ea2ed9",
  "outputs": {},
  "resources": [
    {
      "mode": "managed",
      "type": "aws_key_pair",
      "name": "my_key_pair",
      "provider": "provider[\"registry.terraform.io/hashicorp/aws\"]",
      "instances": [
        {
          "schema_version": 1,
          "attributes": {
            "arn": "arn:aws:ec2:us-east-1:504310766524:key-pair/my-key-pair",
            "fingerprint": "a0:29:a7:28:3a:8a:59:df:da:5d:35:07:97:1c:52:c8",
            "id": "my-key-pair",
            "key_name": "my-key-pair",
            "key_name_prefix": "",
            "key_pair_id": "key-08173507d996a8997",
            "key_type": "rsa",
            "public_key": "ssh-rsa AAAAB3NzaC1yc2EAAAADAQABAAABgQDLK/jUNTNtNpHbhVJ6GUpi7cikCoqe3u8RelHpFJi19QC9N2C5Ksf5IrL9Cl7j6DOG2Ab1K6royLyYBGVxl1hfere9twy7No+9vj77dLKG3z1BdlI4Amn3u+HutWr3cijUC+IHgZ25CcteluRY/0k9NL8WkIny1PSoj+9J5a7//hOGdDb0AnC3CriHutVm0OvJFNmh85mMCuO39dx3TLRpl6/iUV92ZeGeno/2/GHstEaUKl6HdqOICiG7xjO1KOK7hvRCjR5EaPg3tegLP0SjECrj9yjz/0XGNbWNjs89726yiF67ApkjyS9DQImLQPQBj4SmjYiWTPQBWUMaELrqyrX6EPF4nrTU7RHvvN62E72gwtnnSllxfQXZbHr8PhQRs2/IIO0ZdPyW3TkF3xZrtMTHqjsAtb1FxiRZI2MkUM+CGhOHfzNp9EcqX0QWA64eA0CQ//tn0iPKpSMw3nv0AahVB5I7BV+7+6wed6RH3WvENCcAuL67vHNQsnq+xps= root@localhost.localdomain",
            "tags": null,
            "tags_all": {}
          },
          "sensitive_attributes": [],
          "private": "eyJzY2hlbWFfdmVyc2lvbiI6IjEifQ=="
        }
      ]
    },
    {
      "mode": "managed",
      "type": "aws_security_group",
      "name": "allow_ssh",
      "provider": "provider[\"registry.terraform.io/hashicorp/aws\"]",
      "instances": [
        {
          "schema_version": 1,
          "attributes": {
            "arn": "arn:aws:ec2:us-east-1:504310766524:security-group/sg-021669430c484e928",
            "description": "Allow SSH access from specific IPs",
            "egress": [
              {
                "cidr_blocks": [
                  "0.0.0.0/0"
                ],
                "description": "",
                "from_port": 0,
                "ipv6_cidr_blocks": [],
                "prefix_list_ids": [],
                "protocol": "-1",
                "security_groups": [],
                "self": false,
                "to_port": 0
              }
            ],
            "id": "sg-021669430c484e928",
            "ingress": [
              {
                "cidr_blocks": [
                  "31.215.94.128/32",
                  "10.0.1.4/32",
                  "10.0.1.5/32"
                ],
                "description": "",
                "from_port": 22,
                "ipv6_cidr_blocks": [],
                "prefix_list_ids": [],
                "protocol": "tcp",
                "security_groups": [],
                "self": false,
                "to_port": 22
              }
            ],
            "name": "allow_ssh_security_group",
            "name_prefix": "",
            "owner_id": "504310766524",
            "revoke_rules_on_delete": false,
            "tags": null,
            "tags_all": {},
            "timeouts": null,
            "vpc_id": "vpc-06b1e6ec8a52b73eb"
          },
          "sensitive_attributes": [],
          "private": "eyJlMmJmYjczMC1lY2FhLTExZTYtOGY4OC0zNDM2M2JjN2M0YzAiOnsiY3JlYXRlIjo2MDAwMDAwMDAwMDAsImRlbGV0ZSI6OTAwMDAwMDAwMDAwfSwic2NoZW1hX3ZlcnNpb24iOiIxIn0="
        }
      ]
    }
  ],
  "check_results": null
}
